
Microsoft Visual Studio Solution File, Format Version 12.00
# Visual Studio Version 17
VisualStudioVersion = 17.2.32630.192
MinimumVisualStudioVersion = 10.0.40219.1
Project("{FAE04EC0-301F-11D3-BF4B-00C04F79EFBC}") = "VideoGameSales", "VideoGameSales\VideoGameSales.csproj", "{1F955B0B-CB8A-4C01-944B-63A8E95B488E}"
EndProject
Global
	GlobalSection(SolutionConfigurationPlatforms) = preSolution
		Debug|Any CPU = Debug|Any CPU
		Release|Any CPU = Release|Any CPU
	EndGlobalSection
	GlobalSection(ProjectConfigurationPlatforms) = postSolution
		{1F955B0B-CB8A-4C01-944B-63A8E95B488E}.Debug|Any CPU.ActiveCfg = Debug|Any CPU
		{1F955B0B-CB8A-4C01-944B-63A8E95B488E}.Debug|Any CPU.Build.0 = Debug|Any CPU
		{1F955B0B-CB8A-4C01-944B-63A8E95B488E}.Release|Any CPU.ActiveCfg = Release|Any CPU
		{1F955B0B-CB8A-4C01-944B-63A8E95B488E}.Release|Any CPU.Build.0 = Release|Any CPU
	EndGlobalSection
	GlobalSection(SolutionProperties) = preSolution
		HideSolutionNode = FALSE
	EndGlobalSection
	GlobalSection(ExtensibilityGlobals) = postSolution
		SolutionGuid = {29CBE853-B524-437A-A844-A291419BAE9D}
	EndGlobalSection
EndGlobal
